# This file is automatically @generated by Poetry 1.8.3 and should not be changed by hand.

[[package]]
name = "utils"
version = "0.1.0"
description = "A collection of utilities used for data retreival."
optional = false
python-versions = "^3.10"
files = []
develop = false

[package.source]
type = "directory"
url = "utils"

[metadata]
lock-version = "2.0"
python-versions = "^3.10"
content-hash = "70ed9b47df0b951bb9b526e289a184b75aab770064098bd8e42f60ad027a10e8"
